// !$*UTF8*$!
{
	archiveVersion = 1;
	classes = {
	};
	objectVersion = 55;
	objects = {

/* Begin PBXBuildFile section */
		7C189E1727C824E200E683BF /* AppDelegate.swift in Sources */ = {isa = PBXBuildFile; fileRef = 7C189E1627C824E200E683BF /* AppDelegate.swift */; };
		7C189E1927C824E200E683BF /* SceneDelegate.swift in Sources */ = {isa = PBXBuildFile; fileRef = 7C189E1827C824E200E683BF /* SceneDelegate.swift */; };
		7C189E1B27C824E200E683BF /* MainTabBarController.swift in Sources */ = {isa = PBXBuildFile; fileRef = 7C189E1A27C824E200E683BF /* MainTabBarController.swift */; };
		7C189E2027C824E500E683BF /* Assets.xcassets in Resources */ = {isa = PBXBuildFile; fileRef = 7C189E1F27C824E500E683BF /* Assets.xcassets */; };
		7C189E2327C824E500E683BF /* LaunchScreen.storyboard in Resources */ = {isa = PBXBuildFile; fileRef = 7C189E2127C824E500E683BF /* LaunchScreen.storyboard */; };
		7CC5039D27D4C1DA00BAD3C1 /* FeedViewController.swift in Sources */ = {isa = PBXBuildFile; fileRef = 7CC5039C27D4C1DA00BAD3C1 /* FeedViewController.swift */; };
		7CC5039F27D4C23C00BAD3C1 /* ProfileViewController.swift in Sources */ = {isa = PBXBuildFile; fileRef = 7CC5039E27D4C23C00BAD3C1 /* ProfileViewController.swift */; };
		7CC503A127D520D900BAD3C1 /* PostViewController.swift in Sources */ = {isa = PBXBuildFile; fileRef = 7CC503A027D520D900BAD3C1 /* PostViewController.swift */; };
		7CC503A327D524EA00BAD3C1 /* InfoViewController.swift in Sources */ = {isa = PBXBuildFile; fileRef = 7CC503A227D524EA00BAD3C1 /* InfoViewController.swift */; };
		7CC503A527D5298D00BAD3C1 /* Post.swift in Sources */ = {isa = PBXBuildFile; fileRef = 7CC503A427D5298D00BAD3C1 /* Post.swift */; };
		7CC503A727D630D400BAD3C1 /* PostDelegate.swift in Sources */ = {isa = PBXBuildFile; fileRef = 7CC503A627D630D400BAD3C1 /* PostDelegate.swift */; };
		7CC503EF27DC69B300BAD3C1 /* ProfileHeaderView.swift in Sources */ = {isa = PBXBuildFile; fileRef = 7CC503EE27DC69B300BAD3C1 /* ProfileHeaderView.swift */; };
/* End PBXBuildFile section */

/* Begin PBXFileReference section */
		7C189E1327C824E200E683BF /* Navigation.app */ = {isa = PBXFileReference; explicitFileType = wrapper.application; includeInIndex = 0; path = Navigation.app; sourceTree = BUILT_PRODUCTS_DIR; };
		7C189E1627C824E200E683BF /* AppDelegate.swift */ = {isa = PBXFileReference; lastKnownFileType = sourcecode.swift; path = AppDelegate.swift; sourceTree = "<group>"; };
		7C189E1827C824E200E683BF /* SceneDelegate.swift */ = {isa = PBXFileReference; lastKnownFileType = sourcecode.swift; path = SceneDelegate.swift; sourceTree = "<group>"; };
		7C189E1A27C824E200E683BF /* MainTabBarController.swift */ = {isa = PBXFileReference; lastKnownFileType = sourcecode.swift; path = MainTabBarController.swift; sourceTree = "<group>"; };
		7C189E1F27C824E500E683BF /* Assets.xcassets */ = {isa = PBXFileReference; lastKnownFileType = folder.assetcatalog; path = Assets.xcassets; sourceTree = "<group>"; };
		7C189E2227C824E500E683BF /* Base */ = {isa = PBXFileReference; lastKnownFileType = file.storyboard; name = Base; path = Base.lproj/LaunchScreen.storyboard; sourceTree = "<group>"; };
		7C189E2427C824E500E683BF /* Info.plist */ = {isa = PBXFileReference; lastKnownFileType = text.plist.xml; path = Info.plist; sourceTree = "<group>"; };
		7CC5039C27D4C1DA00BAD3C1 /* FeedViewController.swift */ = {isa = PBXFileReference; lastKnownFileType = sourcecode.swift; path = FeedViewController.swift; sourceTree = "<group>"; };
		7CC5039E27D4C23C00BAD3C1 /* ProfileViewController.swift */ = {isa = PBXFileReference; lastKnownFileType = sourcecode.swift; path = ProfileViewController.swift; sourceTree = "<group>"; };
		7CC503A027D520D900BAD3C1 /* PostViewController.swift */ = {isa = PBXFileReference; lastKnownFileType = sourcecode.swift; path = PostViewController.swift; sourceTree = "<group>"; };
		7CC503A227D524EA00BAD3C1 /* InfoViewController.swift */ = {isa = PBXFileReference; lastKnownFileType = sourcecode.swift; path = InfoViewController.swift; sourceTree = "<group>"; };
		7CC503A427D5298D00BAD3C1 /* Post.swift */ = {isa = PBXFileReference; lastKnownFileType = sourcecode.swift; path = Post.swift; sourceTree = "<group>"; };
		7CC503A627D630D400BAD3C1 /* PostDelegate.swift */ = {isa = PBXFileReference; lastKnownFileType = sourcecode.swift; path = PostDelegate.swift; sourceTree = "<group>"; };
		7CC503EE27DC69B300BAD3C1 /* ProfileHeaderView.swift */ = {isa = PBXFileReference; lastKnownFileType = sourcecode.swift; path = ProfileHeaderView.swift; sourceTree = "<group>"; };
/* End PBXFileReference section */

/* Begin PBXFrameworksBuildPhase section */
		7C189E1027C824E200E683BF /* Frameworks */ = {
			isa = PBXFrameworksBuildPhase;
			buildActionMask = 2147483647;
			files = (
			);
			runOnlyForDeploymentPostprocessing = 0;
		};
/* End PBXFrameworksBuildPhase section */

/* Begin PBXGroup section */
		7C189E0A27C824E200E683BF = {
			isa = PBXGroup;
			children = (
				7C189E1527C824E200E683BF /* Navigation */,
				7C189E1427C824E200E683BF /* Products */,
			);
			sourceTree = "<group>";
		};
		7C189E1427C824E200E683BF /* Products */ = {
			isa = PBXGroup;
			children = (
				7C189E1327C824E200E683BF /* Navigation.app */,
			);
			name = Products;
			sourceTree = "<group>";
		};
		7C189E1527C824E200E683BF /* Navigation */ = {
			isa = PBXGroup;
			children = (
				7CC503ED27DC694300BAD3C1 /* Profile */,
				7CC5039927D2A2B600BAD3C1 /* Application */,
				7CC5039A27D2A2E200BAD3C1 /* Controllers */,
				7CC5039B27D2A32B00BAD3C1 /* Resources */,
				7CC503A427D5298D00BAD3C1 /* Post.swift */,
				7CC503A627D630D400BAD3C1 /* PostDelegate.swift */,
			);
			path = Navigation;
			sourceTree = "<group>";
		};
		7CC5039927D2A2B600BAD3C1 /* Application */ = {
			isa = PBXGroup;
			children = (
				7C189E1627C824E200E683BF /* AppDelegate.swift */,
				7C189E1827C824E200E683BF /* SceneDelegate.swift */,
			);
			path = Application;
			sourceTree = "<group>";
		};
		7CC5039A27D2A2E200BAD3C1 /* Controllers */ = {
			isa = PBXGroup;
			children = (
				7C189E1A27C824E200E683BF /* MainTabBarController.swift */,
				7CC5039C27D4C1DA00BAD3C1 /* FeedViewController.swift */,
				7CC503A027D520D900BAD3C1 /* PostViewController.swift */,
				7CC503A227D524EA00BAD3C1 /* InfoViewController.swift */,
			);
			path = Controllers;
			sourceTree = "<group>";
		};
		7CC5039B27D2A32B00BAD3C1 /* Resources */ = {
			isa = PBXGroup;
			children = (
				7C189E1F27C824E500E683BF /* Assets.xcassets */,
				7C189E2127C824E500E683BF /* LaunchScreen.storyboard */,
				7C189E2427C824E500E683BF /* Info.plist */,
			);
			path = Resources;
			sourceTree = "<group>";
		};
		7CC503ED27DC694300BAD3C1 /* Profile */ = {
			isa = PBXGroup;
			children = (
				7CC503EE27DC69B300BAD3C1 /* ProfileHeaderView.swift */,
				7CC5039E27D4C23C00BAD3C1 /* ProfileViewController.swift */,
			);
			path = Profile;
			sourceTree = "<group>";
		};
/* End PBXGroup section */

/* Begin PBXNativeTarget section */
		7C189E1227C824E200E683BF /* Navigation */ = {
			isa = PBXNativeTarget;
			buildConfigurationList = 7C189E2727C824E600E683BF /* Build configuration list for PBXNativeTarget "Navigation" */;
			buildPhases = (
				7C189E0F27C824E200E683BF /* Sources */,
				7C189E1027C824E200E683BF /* Frameworks */,
				7C189E1127C824E200E683BF /* Resources */,
			);
			buildRules = (
			);
			dependencies = (
			);
			name = Navigation;
			productName = Navigation;
			productReference = 7C189E1327C824E200E683BF /* Navigation.app */;
			productType = "com.apple.product-type.application";
		};
/* End PBXNativeTarget section */

/* Begin PBXProject section */
		7C189E0B27C824E200E683BF /* Project object */ = {
			isa = PBXProject;
			attributes = {
				BuildIndependentTargetsInParallel = 1;
				LastSwiftUpdateCheck = 1300;
				LastUpgradeCheck = 1300;
				TargetAttributes = {
					7C189E1227C824E200E683BF = {
						CreatedOnToolsVersion = 13.0;
					};
				};
			};
			buildConfigurationList = 7C189E0E27C824E200E683BF /* Build configuration list for PBXProject "Navigation" */;
			compatibilityVersion = "Xcode 13.0";
			developmentRegion = en;
			hasScannedForEncodings = 0;
			knownRegions = (
				en,
				Base,
			);
			mainGroup = 7C189E0A27C824E200E683BF;
			productRefGroup = 7C189E1427C824E200E683BF /* Products */;
			projectDirPath = "";
			projectRoot = "";
			targets = (
				7C189E1227C824E200E683BF /* Navigation */,
			);
		};
/* End PBXProject section */

/* Begin PBXResourcesBuildPhase section */
		7C189E1127C824E200E683BF /* Resources */ = {
			isa = PBXResourcesBuildPhase;
			buildActionMask = 2147483647;
			files = (
				7C189E2327C824E500E683BF /* LaunchScreen.storyboard in Resources */,
				7C189E2027C824E500E683BF /* Assets.xcassets in Resources */,
			);
			runOnlyForDeploymentPostprocessing = 0;
		};
/* End PBXResourcesBuildPhase section */

/* Begin PBXSourcesBuildPhase section */
		7C189E0F27C824E200E683BF /* Sources */ = {
			isa = PBXSourcesBuildPhase;
			buildActionMask = 2147483647;
			files = (
				7CC503A127D520D900BAD3C1 /* PostViewController.swift in Sources */,
				7C189E1B27C824E200E683BF /* MainTabBarController.swift in Sources */,
				7CC503A727D630D400BAD3C1 /* PostDelegate.swift in Sources */,
				7C189E1727C824E200E683BF /* AppDelegate.swift in Sources */,
				7CC503A527D5298D00BAD3C1 /* Post.swift in Sources */,
				7CC503A327D524EA00BAD3C1 /* InfoViewController.swift in Sources */,
				7CC5039F27D4C23C00BAD3C1 /* ProfileViewController.swift in Sources */,
				7CC503EF27DC69B300BAD3C1 /* ProfileHeaderView.swift in Sources */,
				7CC5039D27D4C1DA00BAD3C1 /* FeedViewController.swift in Sources */,
				7C189E1927C824E200E683BF /* SceneDelegate.swift in Sources */,
			);
			runOnlyForDeploymentPostprocessing = 0;
		};
/* End PBXSourcesBuildPhase section */

/* Begin PBXVariantGroup section */
		7C189E2127C824E500E683BF /* LaunchScreen.storyboard */ = {
			isa = PBXVariantGroup;
			children = (
				7C189E2227C824E500E683BF /* Base */,
			);
			name = LaunchScreen.storyboard;
			sourceTree = "<group>";
		};
/* End PBXVariantGroup section */

/* Begin XCBuildConfiguration section */
		7C189E2527C824E500E683BF /* Debug */ = {
			isa = XCBuildConfiguration;
			buildSettings = {
				ALWAYS_SEARCH_USER_PATHS = NO;
				CLANG_ANALYZER_NONNULL = YES;
				CLANG_ANALYZER_NUMBER_OBJECT_CONVERSION = YES_AGGRESSIVE;
				CLANG_CXX_LANGUAGE_STANDARD = "gnu++17";
				CLANG_CXX_LIBRARY = "libc++";
				CLANG_ENABLE_MODULES = YES;
				CLANG_ENABLE_OBJC_ARC = YES;
				CLANG_ENABLE_OBJC_WEAK = YES;
				CLANG_WARN_BLOCK_CAPTURE_AUTORELEASING = YES;
				CLANG_WARN_BOOL_CONVERSION = YES;
				CLANG_WARN_COMMA = YES;
				CLANG_WARN_CONSTANT_CONVERSION = YES;
				CLANG_WARN_DEPRECATED_OBJC_IMPLEMENTATIONS = YES;
				CLANG_WARN_DIRECT_OBJC_ISA_USAGE = YES_ERROR;
				CLANG_WARN_DOCUMENTATION_COMMENTS = YES;
				CLANG_WARN_EMPTY_BODY = YES;
				CLANG_WARN_ENUM_CONVERSION = YES;
				CLANG_WARN_INFINITE_RECURSION = YES;
				CLANG_WARN_INT_CONVERSION = YES;
				CLANG_WARN_NON_LITERAL_NULL_CONVERSION = YES;
				CLANG_WARN_OBJC_IMPLICIT_RETAIN_SELF = YES;
				CLANG_WARN_OBJC_LITERAL_CONVERSION = YES;
				CLANG_WARN_OBJC_ROOT_CLASS = YES_ERROR;
				CLANG_WARN_QUOTED_INCLUDE_IN_FRAMEWORK_HEADER = YES;
				CLANG_WARN_RANGE_LOOP_ANALYSIS = YES;
				CLANG_WARN_STRICT_PROTOTYPES = YES;
				CLANG_WARN_SUSPICIOUS_MOVE = YES;
				CLANG_WARN_UNGUARDED_AVAILABILITY = YES_AGGRESSIVE;
				CLANG_WARN_UNREACHABLE_CODE = YES;
				CLANG_WARN__DUPLICATE_METHOD_MATCH = YES;
				COPY_PHASE_STRIP = NO;
				DEBUG_INFORMATION_FORMAT = dwarf;
				ENABLE_STRICT_OBJC_MSGSEND = YES;
				ENABLE_TESTABILITY = YES;
				GCC_C_LANGUAGE_STANDARD = gnu11;
				GCC_DYNAMIC_NO_PIC = NO;
				GCC_NO_COMMON_BLOCKS = YES;
				GCC_OPTIMIZATION_LEVEL = 0;
				GCC_PREPROCESSOR_DEFINITIONS = (
					"DEBUG=1",
					"$(inherited)",
				);
				GCC_WARN_64_TO_32_BIT_CONVERSION = YES;
				GCC_WARN_ABOUT_RETURN_TYPE = YES_ERROR;
				GCC_WARN_UNDECLARED_SELECTOR = YES;
				GCC_WARN_UNINITIALIZED_AUTOS = YES_AGGRESSIVE;
				GCC_WARN_UNUSED_FUNCTION = YES;
				GCC_WARN_UNUSED_VARIABLE = YES;
				IPHONEOS_DEPLOYMENT_TARGET = 15.0;
				MTL_ENABLE_DEBUG_INFO = INCLUDE_SOURCE;
				MTL_FAST_MATH = YES;
				ONLY_ACTIVE_ARCH = YES;
				SDKROOT = iphoneos;
				SWIFT_ACTIVE_COMPILATION_CONDITIONS = DEBUG;
				SWIFT_OPTIMIZATION_LEVEL = "-Onone";
			};
			name = Debug;
		};
		7C189E2627C824E500E683BF /* Release */ = {
			isa = XCBuildConfiguration;
			buildSettings = {
				ALWAYS_SEARCH_USER_PATHS = NO;
				CLANG_ANALYZER_NONNULL = YES;
				CLANG_ANALYZER_NUMBER_OBJECT_CONVERSION = YES_AGGRESSIVE;
				CLANG_CXX_LANGUAGE_STANDARD = "gnu++17";
				CLANG_CXX_LIBRARY = "libc++";
				CLANG_ENABLE_MODULES = YES;
				CLANG_ENABLE_OBJC_ARC = YES;
				CLANG_ENABLE_OBJC_WEAK = YES;
				CLANG_WARN_BLOCK_CAPTURE_AUTORELEASING = YES;
				CLANG_WARN_BOOL_CONVERSION = YES;
				CLANG_WARN_COMMA = YES;
				CLANG_WARN_CONSTANT_CONVERSION = YES;
				CLANG_WARN_DEPRECATED_OBJC_IMPLEMENTATIONS = YES;
				CLANG_WARN_DIRECT_OBJC_ISA_USAGE = YES_ERROR;
				CLANG_WARN_DOCUMENTATION_COMMENTS = YES;
				CLANG_WARN_EMPTY_BODY = YES;
				CLANG_WARN_ENUM_CONVERSION = YES;
				CLANG_WARN_INFINITE_RECURSION = YES;
				CLANG_WARN_INT_CONVERSION = YES;
				CLANG_WARN_NON_LITERAL_NULL_CONVERSION = YES;
				CLANG_WARN_OBJC_IMPLICIT_RETAIN_SELF = YES;
				CLANG_WARN_OBJC_LITERAL_CONVERSION = YES;
				CLANG_WARN_OBJC_ROOT_CLASS = YES_ERROR;
				CLANG_WARN_QUOTED_INCLUDE_IN_FRAMEWORK_HEADER = YES;
				CLANG_WARN_RANGE_LOOP_ANALYSIS = YES;
				CLANG_WARN_STRICT_PROTOTYPES = YES;
				CLANG_WARN_SUSPICIOUS_MOVE = YES;
				CLANG_WARN_UNGUARDED_AVAILABILITY = YES_AGGRESSIVE;
				CLANG_WARN_UNREACHABLE_CODE = YES;
				CLANG_WARN__DUPLICATE_METHOD_MATCH = YES;
				COPY_PHASE_STRIP = NO;
				DEBUG_INFORMATION_FORMAT = "dwarf-with-dsym";
				ENABLE_NS_ASSERTIONS = NO;
				ENABLE_STRICT_OBJC_MSGSEND = YES;
				GCC_C_LANGUAGE_STANDARD = gnu11;
				GCC_NO_COMMON_BLOCKS = YES;
				GCC_WARN_64_TO_32_BIT_CONVERSION = YES;
				GCC_WARN_ABOUT_RETURN_TYPE = YES_ERROR;
				GCC_WARN_UNDECLARED_SELECTOR = YES;
				GCC_WARN_UNINITIALIZED_AUTOS = YES_AGGRESSIVE;
				GCC_WARN_UNUSED_FUNCTION = YES;
				GCC_WARN_UNUSED_VARIABLE = YES;
				IPHONEOS_DEPLOYMENT_TARGET = 15.0;
				MTL_ENABLE_DEBUG_INFO = NO;
				MTL_FAST_MATH = YES;
				SDKROOT = iphoneos;
				SWIFT_COMPILATION_MODE = wholemodule;
				SWIFT_OPTIMIZATION_LEVEL = "-O";
				VALIDATE_PRODUCT = YES;
			};
			name = Release;
		};
		7C189E2827C824E600E683BF /* Debug */ = {
			isa = XCBuildConfiguration;
			buildSettings = {
				ASSETCATALOG_COMPILER_APPICON_NAME = AppIcon;
				ASSETCATALOG_COMPILER_GLOBAL_ACCENT_COLOR_NAME = AccentColor;
				CODE_SIGN_STYLE = Automatic;
				CURRENT_PROJECT_VERSION = 1;
				GENERATE_INFOPLIST_FILE = YES;
				INFOPLIST_FILE = Navigation/Resources/Info.plist;
				INFOPLIST_KEY_UIApplicationSupportsIndirectInputEvents = YES;
				INFOPLIST_KEY_UILaunchStoryboardName = LaunchScreen;
				INFOPLIST_KEY_UISupportedInterfaceOrientations_iPad = "UIInterfaceOrientationPortrait UIInterfaceOrientationPortraitUpsideDown UIInterfaceOrientationLandscapeLeft UIInterfaceOrientationLandscapeRight";
				INFOPLIST_KEY_UISupportedInterfaceOrientations_iPhone = "UIInterfaceOrientationPortrait UIInterfaceOrientationLandscapeLeft UIInterfaceOrientationLandscapeRight";
				LD_RUNPATH_SEARCH_PATHS = (
					"$(inherited)",
					"@executable_path/Frameworks",
				);
				MARKETING_VERSION = 1.0;
				PRODUCT_BUNDLE_IDENTIFIER = Pumbaaflag.Navigation;
				PRODUCT_NAME = "$(TARGET_NAME)";
				SWIFT_EMIT_LOC_STRINGS = YES;
				SWIFT_VERSION = 5.0;
				TARGETED_DEVICE_FAMILY = 1;
			};
			name = Debug;
		};
		7C189E2927C824E600E683BF /* Release */ = {
			isa = XCBuildConfiguration;
			buildSettings = {
				ASSETCATALOG_COMPILER_APPICON_NAME = AppIcon;
				ASSETCATALOG_COMPILER_GLOBAL_ACCENT_COLOR_NAME = AccentColor;
				CODE_SIGN_STYLE = Automatic;
				CURRENT_PROJECT_VERSION = 1;
				GENERATE_INFOPLIST_FILE = YES;
				INFOPLIST_FILE = Navigation/Resources/Info.plist;
				INFOPLIST_KEY_UIApplicationSupportsIndirectInputEvents = YES;
				INFOPLIST_KEY_UILaunchStoryboardName = LaunchScreen;
				INFOPLIST_KEY_UISupportedInterfaceOrientations_iPad = "UIInterfaceOrientationPortrait UIInterfaceOrientationPortraitUpsideDown UIInterfaceOrientationLandscapeLeft UIInterfaceOrientationLandscapeRight";
				INFOPLIST_KEY_UISupportedInterfaceOrientations_iPhone = "UIInterfaceOrientationPortrait UIInterfaceOrientationLandscapeLeft UIInterfaceOrientationLandscapeRight";
				LD_RUNPATH_SEARCH_PATHS = (
					"$(inherited)",
					"@executable_path/Frameworks",
				);
				MARKETING_VERSION = 1.0;
				PRODUCT_BUNDLE_IDENTIFIER = Pumbaaflag.Navigation;
				PRODUCT_NAME = "$(TARGET_NAME)";
				SWIFT_EMIT_LOC_STRINGS = YES;
				SWIFT_VERSION = 5.0;
				TARGETED_DEVICE_FAMILY = 1;
			};
			name = Release;
		};
/* End XCBuildConfiguration section */

/* Begin XCConfigurationList section */
		7C189E0E27C824E200E683BF /* Build configuration list for PBXProject "Navigation" */ = {
			isa = XCConfigurationList;
			buildConfigurations = (
				7C189E2527C824E500E683BF /* Debug */,
				7C189E2627C824E500E683BF /* Release */,
			);
			defaultConfigurationIsVisible = 0;
			defaultConfigurationName = Release;
		};
		7C189E2727C824E600E683BF /* Build configuration list for PBXNativeTarget "Navigation" */ = {
			isa = XCConfigurationList;
			buildConfigurations = (
				7C189E2827C824E600E683BF /* Debug */,
				7C189E2927C824E600E683BF /* Release */,
			);
			defaultConfigurationIsVisible = 0;
			defaultConfigurationName = Release;
		};
/* End XCConfigurationList section */
	};
	rootObject = 7C189E0B27C824E200E683BF /* Project object */;
}
